{
  "name": "cine-connections",
  "lockfileVersion": 3,
  "requires": true,
  "packages": {
    "": {
      "dependencies": {
        "cytoscape": "^3.34.2"
      },
      "devDependencies": {
        "@types/cytoscape": "^3.21.9"
      }
    },
    "node_modules/@types/cytoscape": {
      "version": "3.21.9",
      "resolved": "https://registry.npmjs.org/@types/cytoscape/-/cytoscape-3.21.9.tgz",
      "integrity": "sha512-JyrG4tllI6jvuISPjHK9j2Xv/LTbnLekLke5otGStjFluIyA9JjgnvgZrSBsp8cEDpiTjwgZUZwpPv8TSBcoLw==",
      "dev": true,
      "license": "MIT"
    },
    "node_modules/cytoscape": {
      "version": "3.34.2",
      "resolved": "https://registry.npmjs.org/cytoscape/-/cytoscape-3.34.2.tgz",
      "integrity": "sha512-Cm2jaj1X/PBNlzV9yH8zcfGOxO7U+CJ/+mxSBVPSchLaugdp4jtlGx5qaHtPRZ6tgiZ5P+o1XoRfJA+ba6KM3g==",
      "license": "MIT",
      "engines": {
        "node": ">=0.10"
      }
    }
  }
}
